{"SurveyEntry":{"SurveyID":"SV_4MfFEHazzdYU8T4","SurveyName":"Button in Table","SurveyDescription":null,"SurveyOwnerID":"UR_eV9Qcw3rajfFUhv","SurveyBrandID":"kobelaw","DivisionID":null,"SurveyLanguage":"EN","SurveyActiveResponseSet":"RS_ebcN4Buz4nNJ6nA","SurveyStatus":"Active","SurveyStartDate":"0000-00-00 00:00:00","SurveyExpirationDate":"0000-00-00 00:00:00","SurveyCreationDate":"2021-10-05 02:20:25","CreatorID":"UR_eV9Qcw3rajfFUhv","LastModified":"2021-10-06 21:37:40","LastAccessed":"0000-00-00 00:00:00","LastActivated":"2021-10-05 02:23:56","Deleted":null},"SurveyElements":[{"SurveyID":"SV_4MfFEHazzdYU8T4","Element":"BL","PrimaryAttribute":"Survey Blocks","SecondaryAttribute":null,"TertiaryAttribute":null,"Payload":[{"Type":"Default","Description":"Default Question Block","ID":"BL_4PjFzJyVigrb4Qm","BlockElements":[{"Type":"Question","QuestionID":"QID2"},{"Type":"Question","QuestionID":"QID3"}]},{"Type":"Trash","Description":"Trash \/ Unused Questions","ID":"BL_56IkaMWUEtjn6Si","BlockElements":[{"Type":"Question","QuestionID":"QID1"}]}]},{"SurveyID":"SV_4MfFEHazzdYU8T4","Element":"FL","PrimaryAttribute":"Survey Flow","SecondaryAttribute":null,"TertiaryAttribute":null,"Payload":{"Type":"Root","FlowID":"FL_1","Flow":[{"Type":"WebService","FlowID":"FL_4","URL":"http:\/\/tintstyle.cafe24.com\/Qualtrics\/202010_Immigrants\/Immigrant_J.php","Method":"GET","RequestParams":[],"EditBodyParams":[],"Body":[],"ContentType":"application\/x-www-form-urlencoded","Headers":[],"ResponseMap":[{"key":"F-1-1","value":"F-1-1"},{"key":"F-1-1-1","value":"F-1-1-1"},{"key":"F-1-2","value":"F-1-2"},{"key":"F-1-1-2","value":"F-1-1-2"},{"key":"F-1-3","value":"F-1-3"},{"key":"F-1-1-3","value":"F-1-1-3"},{"key":"F-1-4","value":"F-1-4"},{"key":"F-1-1-4","value":"F-1-1-4"},{"key":"F-1-5","value":"F-1-5"},{"key":"F-1-1-5","value":"F-1-1-5"},{"key":"F-1-6","value":"F-1-6"},{"key":"F-1-1-6","value":"F-1-1-6"},{"key":"F-1-7","value":"F-1-7"},{"key":"F-1-1-7","value":"F-1-1-7"},{"key":"F-1-2-1","value":"F-1-2-1"},{"key":"F-1-2-2","value":"F-1-2-2"},{"key":"F-1-2-3","value":"F-1-2-3"},{"key":"F-1-2-4","value":"F-1-2-4"},{"key":"F-1-2-5","value":"F-1-2-5"},{"key":"F-1-2-6","value":"F-1-2-6"},{"key":"F-1-2-7","value":"F-1-2-7"},{"key":"F-2-1","value":"F-2-1"},{"key":"F-2-1-1","value":"F-2-1-1"},{"key":"F-2-2","value":"F-2-2"},{"key":"F-2-1-2","value":"F-2-1-2"},{"key":"F-2-3","value":"F-2-3"},{"key":"F-2-1-3","value":"F-2-1-3"},{"key":"F-2-4","value":"F-2-4"},{"key":"F-2-1-4","value":"F-2-1-4"},{"key":"F-2-5","value":"F-2-5"},{"key":"F-2-1-5","value":"F-2-1-5"},{"key":"F-2-6","value":"F-2-6"},{"key":"F-2-1-6","value":"F-2-1-6"},{"key":"F-2-7","value":"F-2-7"},{"key":"F-2-1-7","value":"F-2-1-7"},{"key":"F-2-2-1","value":"F-2-2-1"},{"key":"F-2-2-2","value":"F-2-2-2"},{"key":"F-2-2-3","value":"F-2-2-3"},{"key":"F-2-2-4","value":"F-2-2-4"},{"key":"F-2-2-5","value":"F-2-2-5"},{"key":"F-2-2-6","value":"F-2-2-6"},{"key":"F-2-2-7","value":"F-2-2-7"},{"key":"F-3-1","value":"F-3-1"},{"key":"F-3-1-1","value":"F-3-1-1"},{"key":"F-3-2","value":"F-3-2"},{"key":"F-3-1-2","value":"F-3-1-2"},{"key":"F-3-3","value":"F-3-3"},{"key":"F-3-1-3","value":"F-3-1-3"},{"key":"F-3-4","value":"F-3-4"},{"key":"F-3-1-4","value":"F-3-1-4"},{"key":"F-3-5","value":"F-3-5"},{"key":"F-3-1-5","value":"F-3-1-5"},{"key":"F-3-6","value":"F-3-6"},{"key":"F-3-1-6","value":"F-3-1-6"},{"key":"F-3-7","value":"F-3-7"},{"key":"F-3-1-7","value":"F-3-1-7"},{"key":"F-3-2-1","value":"F-3-2-1"},{"key":"F-3-2-2","value":"F-3-2-2"},{"key":"F-3-2-3","value":"F-3-2-3"},{"key":"F-3-2-4","value":"F-3-2-4"},{"key":"F-3-2-5","value":"F-3-2-5"},{"key":"F-3-2-6","value":"F-3-2-6"},{"key":"F-3-2-7","value":"F-3-2-7"},{"key":"F-4-1","value":"F-4-1"},{"key":"F-4-1-1","value":"F-4-1-1"},{"key":"F-4-2","value":"F-4-2"},{"key":"F-4-1-2","value":"F-4-1-2"},{"key":"F-4-3","value":"F-4-3"},{"key":"F-4-1-3","value":"F-4-1-3"},{"key":"F-4-4","value":"F-4-4"},{"key":"F-4-1-4","value":"F-4-1-4"},{"key":"F-4-5","value":"F-4-5"},{"key":"F-4-1-5","value":"F-4-1-5"},{"key":"F-4-6","value":"F-4-6"},{"key":"F-4-1-6","value":"F-4-1-6"},{"key":"F-4-7","value":"F-4-7"},{"key":"F-4-1-7","value":"F-4-1-7"},{"key":"F-4-2-1","value":"F-4-2-1"},{"key":"F-4-2-2","value":"F-4-2-2"},{"key":"F-4-2-3","value":"F-4-2-3"},{"key":"F-4-2-4","value":"F-4-2-4"},{"key":"F-4-2-5","value":"F-4-2-5"},{"key":"F-4-2-6","value":"F-4-2-6"},{"key":"F-4-2-7","value":"F-4-2-7"},{"key":"F-5-1","value":"F-5-1"},{"key":"F-5-1-1","value":"F-5-1-1"},{"key":"F-5-2","value":"F-5-2"},{"key":"F-5-1-2","value":"F-5-1-2"},{"key":"F-5-3","value":"F-5-3"},{"key":"F-5-1-3","value":"F-5-1-3"},{"key":"F-5-4","value":"F-5-4"},{"key":"F-5-1-4","value":"F-5-1-4"},{"key":"F-5-5","value":"F-5-5"},{"key":"F-5-1-5","value":"F-5-1-5"},{"key":"F-5-6","value":"F-5-6"},{"key":"F-5-1-6","value":"F-5-1-6"},{"key":"F-5-7","value":"F-5-7"},{"key":"F-5-1-7","value":"F-5-1-7"},{"key":"F-5-2-1","value":"F-5-2-1"},{"key":"F-5-2-2","value":"F-5-2-2"},{"key":"F-5-2-3","value":"F-5-2-3"},{"key":"F-5-2-4","value":"F-5-2-4"},{"key":"F-5-2-5","value":"F-5-2-5"},{"key":"F-5-2-6","value":"F-5-2-6"},{"key":"F-5-2-7","value":"F-5-2-7"}],"FireAndForget":false,"StringifyValues":true},{"Type":"Block","ID":"BL_4PjFzJyVigrb4Qm","FlowID":"FL_2","Autofill":[]}],"Properties":{"Count":4,"RemovedFieldsets":[]}}},{"SurveyID":"SV_4MfFEHazzdYU8T4","Element":"SO","PrimaryAttribute":"Survey Options","SecondaryAttribute":null,"TertiaryAttribute":null,"Payload":{"BackButton":"false","SaveAndContinue":"true","SurveyProtection":"PublicSurvey","BallotBoxStuffingPrevention":"false","NoIndex":"Yes","SecureResponseFiles":"true","SurveyExpiration":"None","SurveyTermination":"DefaultMessage","Header":"","Footer":"","ProgressBarDisplay":"None","PartialData":"+1 week","ValidationMessage":"","PreviousButton":"","NextButton":"","SurveyTitle":"Qualtrics Survey | Qualtrics Experience Management","SkinLibrary":"kobelaw","SkinType":"MQ","Skin":"kobelaw","NewScoring":1,"ProtectSelectionIds":true}},{"SurveyID":"SV_4MfFEHazzdYU8T4","Element":"SCO","PrimaryAttribute":"Scoring","SecondaryAttribute":null,"TertiaryAttribute":null,"Payload":{"ScoringCategories":[],"ScoringCategoryGroups":[],"ScoringSummaryCategory":null,"ScoringSummaryAfterQuestions":0,"ScoringSummaryAfterSurvey":0,"DefaultScoringCategory":null,"AutoScoringCategory":null}},{"SurveyID":"SV_4MfFEHazzdYU8T4","Element":"PROJ","PrimaryAttribute":"CORE","SecondaryAttribute":null,"TertiaryAttribute":"1.1.0","Payload":{"ProjectCategory":"CORE","SchemaVersion":"1.1.0"}},{"SurveyID":"SV_4MfFEHazzdYU8T4","Element":"STAT","PrimaryAttribute":"Survey Statistics","SecondaryAttribute":null,"TertiaryAttribute":null,"Payload":{"MobileCompatible":true,"ID":"Survey Statistics"}},{"SurveyID":"SV_4MfFEHazzdYU8T4","Element":"QC","PrimaryAttribute":"Survey Question Count","SecondaryAttribute":"3","TertiaryAttribute":null,"Payload":null},{"SurveyID":"SV_4MfFEHazzdYU8T4","Element":"SQ","PrimaryAttribute":"QID1","SecondaryAttribute":"\u00a0 Profile 1 Profile 2 Attr 1 L1 L2 Attr 2 L3 L4 Attr 3 L5 L6 \u00a0 A B Click to write the question tex","TertiaryAttribute":null,"Payload":{"QuestionText":"<table style=\"width:500px;\" cellspacing=\"1\" cellpadding=\"1\" border=\"1\">\n <tbody>\n  <tr>\n   <td style=\"text-align: center;\">&nbsp;<\/td>\n   <td style=\"text-align: center;\"><strong>Profile 1<\/strong><\/td>\n   <td style=\"text-align: center;\"><strong>Profile 2<\/strong><\/td>\n  <\/tr>\n  <tr>\n   <td style=\"text-align: center;\"><strong>Attr 1<\/strong><\/td>\n   <td style=\"text-align: center;\">L1<\/td>\n   <td style=\"text-align: center;\">L2<\/td>\n  <\/tr>\n  <tr>\n   <td style=\"text-align: center;\"><strong>Attr 2<\/strong><\/td>\n   <td style=\"text-align: center;\">L3<\/td>\n   <td style=\"text-align: center;\">L4<\/td>\n  <\/tr>\n  <tr>\n   <td style=\"text-align: center;\"><strong>Attr 3<\/strong><\/td>\n   <td style=\"text-align: center;\">L5<\/td>\n   <td style=\"text-align: center;\">L6<\/td>\n  <\/tr>\n  <tr>\n   <td style=\"text-align: center;\">&nbsp;<\/td>\n   <td style=\"text-align: center;\"><input choiceid=\"1\" aria-labelledby=\"QID1-1-label\" class=\"radio QR-QID1-1\" data-runtime-checked=\"runtime.Selected\" id=\"QR~QID1~1\" name=\"QR~QID1\" type=\"radio\" value=\"1\">\n<label for=\"QR~QID1~1\" id=\"QID1-1-label\" class=\"SingleAnswer \" data-runtime-class-q-checked=\"runtime.Choices.1.Selected\">A<\/label><\/td>\n   <td style=\"text-align: center;\"><input choiceid=\"2\" aria-labelledby=\"QID1-2-label\" class=\"radio QR-QID1-2\" data-runtime-checked=\"runtime.Selected\" id=\"QR~QID1~2\" name=\"QR~QID1\" type=\"radio\" value=\"2\">\n<label for=\"QR~QID1~2\" id=\"QID1-2-label\" class=\"SingleAnswer \" data-runtime-class-q-checked=\"runtime.Choices.2.Selected\">B<\/label><\/td>\n  <\/tr>\n <\/tbody>\n<\/table>\n<br>\nClick to write the question tex","DefaultChoices":false,"DataExportTag":"Q1","QuestionID":"QID1","QuestionType":"MC","Selector":"SAVR","SubSelector":"TX","DataVisibility":{"Private":false,"Hidden":false},"Configuration":{"QuestionDescriptionOption":"UseText"},"QuestionDescription":"\u00a0 Profile 1 Profile 2 Attr 1 L1 L2 Attr 2 L3 L4 Attr 3 L5 L6 \u00a0 A B Click to write the question tex","Choices":[],"ChoiceOrder":[],"Validation":{"Settings":{"ForceResponse":"OFF","Type":"None"}},"GradingData":[],"Language":[],"NextChoiceId":6,"NextAnswerId":1}},{"SurveyID":"SV_4MfFEHazzdYU8T4","Element":"SQ","PrimaryAttribute":"QID2","SecondaryAttribute":"\u30c6\u30b9\u30c8","TertiaryAttribute":null,"Payload":{"QuestionText":"\u30c6\u30b9\u30c8","DefaultChoices":false,"DataExportTag":"Q2","QuestionID":"QID2","QuestionType":"Matrix","Selector":"Likert","SubSelector":"SingleAnswer","DataVisibility":{"Private":false,"Hidden":false},"Configuration":{"QuestionDescriptionOption":"UseText","TextPosition":"inline","ChoiceColumnWidth":25,"RepeatHeaders":"none","WhiteSpace":"OFF","MobileFirst":true},"QuestionDescription":"\u30c6\u30b9\u30c8","Choices":{"1":{"Display":"${e:\/\/Field\/F-1-1}"},"2":{"Display":"${e:\/\/Field\/F-1-2}"},"4":{"Display":"${e:\/\/Field\/F-1-3}"},"5":{"Display":"${e:\/\/Field\/F-1-4}"},"6":{"Display":"\u53d7\u3051\u5165\u308c"}},"ChoiceOrder":["1","2","4","5","6"],"Validation":{"Settings":{"ForceResponse":"OFF","ForceResponseType":"ON","Type":"CustomValidation","CustomValidation":{"Logic":{"0":{"0":{"ChoiceLocator":"q:\/\/QID2\/SelectableChoice\/6\/1","Description":"<span class=\"ConjDesc\">If<\/span> <span class=\"QuestionDesc\">\u30c6\u30b9\u30c8<\/span> <span class=\"LeftOpDesc\">\u53d7\u3051\u5165\u308c - \u30d7\u30ed\u30d5\u30a3\u30fc\u30eb1<\/span> <span class=\"OpDesc\">Is Selected<\/span> ","LeftOperand":"q:\/\/QID2\/SelectableChoice\/6\/1","LogicType":"Question","Operator":"Selected","QuestionID":"QID2","QuestionIDFromLocator":"QID2","QuestionIsInLoop":"no","Type":"Expression"},"1":{"ChoiceLocator":"q:\/\/QID2\/SelectableChoice\/6\/2","Conjuction":"Or","Description":"<span class=\"ConjDesc\">Or<\/span> <span class=\"QuestionDesc\">\u30c6\u30b9\u30c8<\/span> <span class=\"LeftOpDesc\">\u53d7\u3051\u5165\u308c - \u30d7\u30ed\u30d5\u30a3\u30fc\u30eb2<\/span> <span class=\"OpDesc\">Is Selected<\/span> ","LeftOperand":"q:\/\/QID2\/SelectableChoice\/6\/2","LogicType":"Question","Operator":"Selected","QuestionID":"QID2","QuestionIDFromLocator":"QID2","QuestionIsInLoop":"no","Type":"Expression"},"Type":"If"},"Type":"BooleanExpression"},"Message":{"description":"Require response","libraryID":null,"messageID":null,"subMessageID":"VE_FORCE_RESPONSE"}}}},"GradingData":[],"Language":[],"NextChoiceId":7,"NextAnswerId":4,"Answers":{"1":{"Display":"\u30d7\u30ed\u30d5\u30a3\u30fc\u30eb1"},"2":{"Display":"\u30d7\u30ed\u30d5\u30a3\u30fc\u30eb2"}},"AnswerOrder":["1","2"],"ChoiceDataExportTags":false,"QuestionJS":"Qualtrics.SurveyEngine.addOnload(function()\n{\n\t\/*Place your JavaScript here to run when the page loads*\/\n\n});\n\nQualtrics.SurveyEngine.addOnReady(function()\n{\n\t\/*QR~\u307b\u306b\u3083\u307b\u306b\u3083\u306e\u90e8\u5206\u306f\u958b\u767a\u30c4\u30fc\u30eb\u304b\u3089\u30e9\u30b8\u30aa\u30dc\u30bf\u30f3\u306eID\u3092\u78ba\u8a8d\u3057\u3066\u8abf\u6574*\/\n\t\/*\u5f37\u5236\u56de\u7b54\u30aa\u30d7\u30b7\u30e7\u30f3\u306f\u4f7f\u3048\u306a\u3044\u305f\u3081\u3001Custom Validation\u3067\u5f37\u5236\u56de\u7b54\u3092\u8a2d\u5b9a*\/\n\t$('QR~QID2~1~1').up('td').childElements().invoke('hide');\n    $('QR~QID2~1~1').up('td').innerHTML=\"${e:\/\/Field\/F-1-1-1}\";\n    $('QR~QID2~1~2').up('td').childElements().invoke('hide');\n    $('QR~QID2~1~2').up('td').innerHTML=\"${e:\/\/Field\/F-1-2-1}\";\n    $('QR~QID2~2~1').up('td').childElements().invoke('hide');\n    $('QR~QID2~2~1').up('td').innerHTML=\"${e:\/\/Field\/F-1-1-2}\";\n    $('QR~QID2~2~2').up('td').childElements().invoke('hide');\n    $('QR~QID2~2~2').up('td').innerHTML=\"${e:\/\/Field\/F-1-2-2}\";\n    $('QR~QID2~4~1').up('td').childElements().invoke('hide');\n    $('QR~QID2~4~1').up('td').innerHTML=\"${e:\/\/Field\/F-1-1-3}\";\n    $('QR~QID2~4~2').up('td').childElements().invoke('hide');\n    $('QR~QID2~4~2').up('td').innerHTML=\"${e:\/\/Field\/F-1-2-3}\";\n    $('QR~QID2~5~1').up('td').childElements().invoke('hide');\n    $('QR~QID2~5~1').up('td').innerHTML=\"${e:\/\/Field\/F-1-1-4}\";\n    $('QR~QID2~5~2').up('td').childElements().invoke('hide');\n    $('QR~QID2~5~2').up('td').innerHTML=\"${e:\/\/Field\/F-1-2-4}\";\n});\n\nQualtrics.SurveyEngine.addOnUnload(function()\n{\n\t\/*Place your JavaScript here to run when the page is unloaded*\/\n\n});"}},{"SurveyID":"SV_4MfFEHazzdYU8T4","Element":"SQ","PrimaryAttribute":"QID3","SecondaryAttribute":"\u30c6\u30b9\u30c8\uff12","TertiaryAttribute":null,"Payload":{"QuestionText":"\u30c6\u30b9\u30c8\uff12","QuestionJS":"Qualtrics.SurveyEngine.addOnload(function()\n{\n\t\/*Place your JavaScript here to run when the page loads*\/\n\n});\n\nQualtrics.SurveyEngine.addOnReady(function()\n{\n\t\/*QR~\u307b\u306b\u3083\u307b\u306b\u3083\u306e\u90e8\u5206\u306f\u958b\u767a\u30c4\u30fc\u30eb\u304b\u3089\u30e9\u30b8\u30aa\u30dc\u30bf\u30f3\u306eID\u3092\u78ba\u8a8d\u3057\u3066\u8abf\u6574*\/\n\t\/*\u5f37\u5236\u56de\u7b54\u30aa\u30d7\u30b7\u30e7\u30f3\u306f\u4f7f\u3048\u306a\u3044\u305f\u3081\u3001Custom Validation\u3067\u5f37\u5236\u56de\u7b54\u3092\u8a2d\u5b9a*\/\n\t$('QR~QID3~1~1').up('td').childElements().invoke('hide');\n    $('QR~QID3~1~1').up('td').innerHTML=\"${e:\/\/Field\/F-2-1-1}\";\n    $('QR~QID3~1~2').up('td').childElements().invoke('hide');\n    $('QR~QID3~1~2').up('td').innerHTML=\"${e:\/\/Field\/F-2-2-1}\";\n    $('QR~QID3~2~1').up('td').childElements().invoke('hide');\n    $('QR~QID3~2~1').up('td').innerHTML=\"${e:\/\/Field\/F-2-1-2}\";\n    $('QR~QID3~2~2').up('td').childElements().invoke('hide');\n    $('QR~QID3~2~2').up('td').innerHTML=\"${e:\/\/Field\/F-2-2-2}\";\n    $('QR~QID3~4~1').up('td').childElements().invoke('hide');\n    $('QR~QID3~4~1').up('td').innerHTML=\"${e:\/\/Field\/F-2-1-3}\";\n    $('QR~QID3~4~2').up('td').childElements().invoke('hide');\n    $('QR~QID3~4~2').up('td').innerHTML=\"${e:\/\/Field\/F-2-2-3}\";\n    $('QR~QID3~5~1').up('td').childElements().invoke('hide');\n    $('QR~QID3~5~1').up('td').innerHTML=\"${e:\/\/Field\/F-2-1-4}\";\n    $('QR~QID3~5~2').up('td').childElements().invoke('hide');\n    $('QR~QID3~5~2').up('td').innerHTML=\"${e:\/\/Field\/F-2-2-4}\";\n});\n\nQualtrics.SurveyEngine.addOnUnload(function()\n{\n\t\/*Place your JavaScript here to run when the page is unloaded*\/\n\n});","DefaultChoices":false,"DataExportTag":"Q3","QuestionType":"Matrix","Selector":"Likert","SubSelector":"SingleAnswer","DataVisibility":{"Private":false,"Hidden":false},"Configuration":{"QuestionDescriptionOption":"UseText","TextPosition":"inline","ChoiceColumnWidth":25,"RepeatHeaders":"none","WhiteSpace":"OFF","MobileFirst":true},"QuestionDescription":"\u30c6\u30b9\u30c8\uff12","Choices":{"1":{"Display":"${e:\/\/Field\/F-2-1}"},"2":{"Display":"${e:\/\/Field\/F-2-2}"},"4":{"Display":"${e:\/\/Field\/F-2-3}"},"5":{"Display":"${e:\/\/Field\/F-2-4}"},"6":{"Display":"\u53d7\u3051\u5165\u308c"}},"ChoiceOrder":["1","2","4","5","6"],"Validation":{"Settings":{"ForceResponse":"OFF","ForceResponseType":"ON","Type":"CustomValidation","CustomValidation":{"Logic":{"0":{"0":{"ChoiceLocator":"q:\/\/QID3\/SelectableChoice\/6\/1","Description":"<span class=\"ConjDesc\">If<\/span> <span class=\"QuestionDesc\">\u30c6\u30b9\u30c8\uff12<\/span> <span class=\"LeftOpDesc\">\u53d7\u3051\u5165\u308c - \u30d7\u30ed\u30d5\u30a3\u30fc\u30eb1<\/span> <span class=\"OpDesc\">Is Selected<\/span> ","LeftOperand":"q:\/\/QID3\/SelectableChoice\/6\/1","LogicType":"Question","Operator":"Selected","QuestionID":"QID3","QuestionIDFromLocator":"QID3","QuestionIsInLoop":"no","Type":"Expression"},"1":{"ChoiceLocator":"q:\/\/QID3\/SelectableChoice\/6\/2","Conjuction":"Or","Description":"<span class=\"ConjDesc\">Or<\/span> <span class=\"QuestionDesc\">\u30c6\u30b9\u30c8\uff12<\/span> <span class=\"LeftOpDesc\">\u53d7\u3051\u5165\u308c - \u30d7\u30ed\u30d5\u30a3\u30fc\u30eb2<\/span> <span class=\"OpDesc\">Is Selected<\/span> ","LeftOperand":"q:\/\/QID3\/SelectableChoice\/6\/2","LogicType":"Question","Operator":"Selected","QuestionID":"QID3","QuestionIDFromLocator":"QID3","QuestionIsInLoop":"no","Type":"Expression"},"Type":"If"},"Type":"BooleanExpression"},"Message":{"description":"Require response","libraryID":null,"messageID":null,"subMessageID":"VE_FORCE_RESPONSE"}}}},"GradingData":[],"Language":[],"NextChoiceId":7,"NextAnswerId":4,"Answers":{"1":{"Display":"\u30d7\u30ed\u30d5\u30a3\u30fc\u30eb1"},"2":{"Display":"\u30d7\u30ed\u30d5\u30a3\u30fc\u30eb2"}},"AnswerOrder":["1","2"],"ChoiceDataExportTags":false,"QuestionID":"QID3"}},{"SurveyID":"SV_4MfFEHazzdYU8T4","Element":"RS","PrimaryAttribute":"RS_ebcN4Buz4nNJ6nA","SecondaryAttribute":"Default Response Set","TertiaryAttribute":null,"Payload":null}]}